
Microsoft Visual Studio Solution File, Format Version 12.00
Project("{FAE04EC0-301F-11D3-BF4B-00C04F79EFBC}") = "CoursesCLI", "CoursesCLI.csproj", "{C67F6CF6-BF7A-454C-9174-6560426C1365}"
EndProject
Global
	GlobalSection(SolutionConfigurationPlatforms) = preSolution
		Debug|Any CPU = Debug|Any CPU
		Release|Any CPU = Release|Any CPU
	EndGlobalSection
	GlobalSection(ProjectConfigurationPlatforms) = postSolution
		{C67F6CF6-BF7A-454C-9174-6560426C1365}.Debug|Any CPU.ActiveCfg = Debug|Any CPU
		{C67F6CF6-BF7A-454C-9174-6560426C1365}.Debug|Any CPU.Build.0 = Debug|Any CPU
		{C67F6CF6-BF7A-454C-9174-6560426C1365}.Release|Any CPU.ActiveCfg = Release|Any CPU
		{C67F6CF6-BF7A-454C-9174-6560426C1365}.Release|Any CPU.Build.0 = Release|Any CPU
	EndGlobalSection
EndGlobal
